
Microsoft Visual Studio Solution File, Format Version 12.00
# Visual Studio Version 17
VisualStudioVersion = 17.5.002.0
MinimumVisualStudioVersion = 10.0.40219.1
Project("{9A19103F-16F7-4668-BE54-9A1E7A4F7556}") = "DesafioProjetoHospedagem", "DesafioProjetoHospedagem.csproj", "{FE734905-2DC9-4697-9527-497E488DB8EF}"
EndProject
Global
	GlobalSection(SolutionConfigurationPlatforms) = preSolution
		Debug|Any CPU = Debug|Any CPU
		Release|Any CPU = Release|Any CPU
	EndGlobalSection
	GlobalSection(ProjectConfigurationPlatforms) = postSolution
		{FE734905-2DC9-4697-9527-497E488DB8EF}.Debug|Any CPU.ActiveCfg = Debug|Any CPU
		{FE734905-2DC9-4697-9527-497E488DB8EF}.Debug|Any CPU.Build.0 = Debug|Any CPU
		{FE734905-2DC9-4697-9527-497E488DB8EF}.Release|Any CPU.ActiveCfg = Release|Any CPU
		{FE734905-2DC9-4697-9527-497E488DB8EF}.Release|Any CPU.Build.0 = Release|Any CPU
	EndGlobalSection
	GlobalSection(SolutionProperties) = preSolution
		HideSolutionNode = FALSE
	EndGlobalSection
	GlobalSection(ExtensibilityGlobals) = postSolution
		SolutionGuid = {F866C4B8-1D54-4EC6-A87A-386F3B9516B2}
	EndGlobalSection
EndGlobal
